
Microsoft Visual Studio Solution File, Format Version 12.00
# Visual Studio Version 17
VisualStudioVersion = 17.8.34330.188
MinimumVisualStudioVersion = 10.0.40219.1
Project("{FAE04EC0-301F-11D3-BF4B-00C04F79EFBC}") = "w1_231226", "w1_231226.csproj", "{B1C4C9D9-EF11-47D7-A99B-685AF93186EF}"
EndProject
Global
	GlobalSection(SolutionConfigurationPlatforms) = preSolution
		Debug|Any CPU = Debug|Any CPU
		Release|Any CPU = Release|Any CPU
	EndGlobalSection
	GlobalSection(ProjectConfigurationPlatforms) = postSolution
		{B1C4C9D9-EF11-47D7-A99B-685AF93186EF}.Debug|Any CPU.ActiveCfg = Debug|Any CPU
		{B1C4C9D9-EF11-47D7-A99B-685AF93186EF}.Debug|Any CPU.Build.0 = Debug|Any CPU
		{B1C4C9D9-EF11-47D7-A99B-685AF93186EF}.Release|Any CPU.ActiveCfg = Release|Any CPU
		{B1C4C9D9-EF11-47D7-A99B-685AF93186EF}.Release|Any CPU.Build.0 = Release|Any CPU
	EndGlobalSection
	GlobalSection(SolutionProperties) = preSolution
		HideSolutionNode = FALSE
	EndGlobalSection
	GlobalSection(ExtensibilityGlobals) = postSolution
		SolutionGuid = {155053FC-8DBC-456D-B771-65DC8BF38850}
	EndGlobalSection
EndGlobal
